
Microsoft Visual Studio Solution File, Format Version 12.00
# Visual Studio 2012
Project("{FAE04EC0-301F-11D3-BF4B-00C04F79EFBC}") = "ADayInTheLifeAPI", "ADayInTheLifeAPI\ADayInTheLifeAPI.csproj", "{F1C5545D-E91F-4DE1-BDC1-280974A8EFA3}"
EndProject
Project("{FAE04EC0-301F-11D3-BF4B-00C04F79EFBC}") = "ADayInTheLifeAPI.Tests", "ADayInTheLifeAPI.Tests\ADayInTheLifeAPI.Tests.csproj", "{19D14116-0F6A-49BD-8373-C3CCEABA5E58}"
EndProject
Global
	GlobalSection(SolutionConfigurationPlatforms) = preSolution
		Debug|Any CPU = Debug|Any CPU
		Local|Any CPU = Local|Any CPU
		Release|Any CPU = Release|Any CPU
	EndGlobalSection
	GlobalSection(ProjectConfigurationPlatforms) = postSolution
		{F1C5545D-E91F-4DE1-BDC1-280974A8EFA3}.Debug|Any CPU.ActiveCfg = Debug|Any CPU
		{F1C5545D-E91F-4DE1-BDC1-280974A8EFA3}.Debug|Any CPU.Build.0 = Debug|Any CPU
		{F1C5545D-E91F-4DE1-BDC1-280974A8EFA3}.Local|Any CPU.ActiveCfg = Local|Any CPU
		{F1C5545D-E91F-4DE1-BDC1-280974A8EFA3}.Local|Any CPU.Build.0 = Local|Any CPU
		{F1C5545D-E91F-4DE1-BDC1-280974A8EFA3}.Release|Any CPU.ActiveCfg = Release|Any CPU
		{F1C5545D-E91F-4DE1-BDC1-280974A8EFA3}.Release|Any CPU.Build.0 = Release|Any CPU
		{19D14116-0F6A-49BD-8373-C3CCEABA5E58}.Debug|Any CPU.ActiveCfg = Debug|Any CPU
		{19D14116-0F6A-49BD-8373-C3CCEABA5E58}.Debug|Any CPU.Build.0 = Debug|Any CPU
		{19D14116-0F6A-49BD-8373-C3CCEABA5E58}.Local|Any CPU.ActiveCfg = Local|Any CPU
		{19D14116-0F6A-49BD-8373-C3CCEABA5E58}.Local|Any CPU.Build.0 = Local|Any CPU
		{19D14116-0F6A-49BD-8373-C3CCEABA5E58}.Release|Any CPU.ActiveCfg = Release|Any CPU
		{19D14116-0F6A-49BD-8373-C3CCEABA5E58}.Release|Any CPU.Build.0 = Release|Any CPU
	EndGlobalSection
	GlobalSection(SolutionProperties) = preSolution
		HideSolutionNode = FALSE
	EndGlobalSection
EndGlobal
